{
  "name": "parse-flow-repro",
  "version": "1.0.0",
  "lockfileVersion": 1,
  "requires": true,
  "dependencies": {
    "flow-bin": {
      "version": "0.120.1",
      "resolved": "https://registry.npmjs.org/flow-bin/-/flow-bin-0.120.1.tgz",
      "integrity": "sha512-KgE+d+rKzdXzhweYVJty1QIOOZTTbtnXZf+4SLnmArLvmdfeLreQOZpeLbtq5h79m7HhDzX/HkUkoyu/fmSC2A==",
      "dev": true
    }
  }
}
